
Microsoft Visual Studio Solution File, Format Version 12.00
# Visual Studio Version 16
VisualStudioVersion = 16.0.29009.5
MinimumVisualStudioVersion = 10.0.40219.1
Project("{8BC9CEB8-8B4A-11D0-8D11-00A0C91BC942}") = "CAHomeWork2", "CAHomeWork2\CAHomeWork2.vcxproj", "{D2F51306-4C5F-483B-9D8B-F0A4D23BC691}"
EndProject
Project("{8BC9CEB8-8B4A-11D0-8D11-00A0C91BC942}") = "HomeWork09", "HomeWork09\HomeWork09.vcxproj", "{6E220FD1-4D54-46C8-8AC5-7B2B76DBC242}"
EndProject
Project("{8BC9CEB8-8B4A-11D0-8D11-00A0C91BC942}") = "HomeWork10", "HomeWork10\HomeWork10.vcxproj", "{7C31C17B-9FE5-4AE0-9C59-C43F15D38E08}"
EndProject
Project("{8BC9CEB8-8B4A-11D0-8D11-00A0C91BC942}") = "LabWorks", "LabWorks\LabWorks.vcxproj", "{AF6D082A-0046-43A1-B9E1-51DE552632B3}"
EndProject
Project("{8BC9CEB8-8B4A-11D0-8D11-00A0C91BC942}") = "HomeWork11", "HomeWork11\HomeWork11.vcxproj", "{DA66C384-44F0-4060-BD7A-80214665CEC8}"
EndProject
Project("{8BC9CEB8-8B4A-11D0-8D11-00A0C91BC942}") = "HomeWork12", "HomeWork12\HomeWork12.vcxproj", "{60EE1B3B-3B11-41F3-9AF2-1BBDB29D4A79}"
EndProject
Project("{8BC9CEB8-8B4A-11D0-8D11-00A0C91BC942}") = "HomeWork13", "HomeWork13\HomeWork13.vcxproj", "{9CAA75AD-6E46-4F0B-99E9-32867DA17D61}"
EndProject
Project("{8BC9CEB8-8B4A-11D0-8D11-00A0C91BC942}") = "HomeWork14", "HomeWork14\HomeWork14.vcxproj", "{C2FF612E-2DCC-47BE-880C-8B9CF94B718F}"
EndProject
Project("{8BC9CEB8-8B4A-11D0-8D11-00A0C91BC942}") = "HomeWork15", "HomeWork15\HomeWork15.vcxproj", "{3B073C77-BFFC-4325-A5E2-79A14694D369}"
EndProject
Project("{8BC9CEB8-8B4A-11D0-8D11-00A0C91BC942}") = "HomeWork16", "HomeWork16\HomeWork16.vcxproj", "{E6CB85AC-5026-4C3C-910E-463E5696C700}"
EndProject
Project("{8BC9CEB8-8B4A-11D0-8D11-00A0C91BC942}") = "HomeWork17", "HomeWork17\HomeWork17.vcxproj", "{DD62C101-71FE-49BC-8DF3-CE3E93795DD2}"
EndProject
Project("{8BC9CEB8-8B4A-11D0-8D11-00A0C91BC942}") = "LabWorks02", "LabWorks02\LabWorks02.vcxproj", "{D1D66934-EAB8-439B-A564-4DDD15366E5F}"
EndProject
Project("{8BC9CEB8-8B4A-11D0-8D11-00A0C91BC942}") = "HomeWork18", "HomeWork18\HomeWork18.vcxproj", "{E2A729F1-C29E-4121-B55F-72F5E005D1F9}"
EndProject
Project("{8BC9CEB8-8B4A-11D0-8D11-00A0C91BC942}") = "HomeWork0001", "HomeWork0001\HomeWork0001.vcxproj", "{295FF07B-2F85-4179-A843-50425676D6DF}"
EndProject
Project("{8BC9CEB8-8B4A-11D0-8D11-00A0C91BC942}") = "HomeWork0002", "HomeWork0002\HomeWork0002.vcxproj", "{64A998B2-295F-4B9A-8AEE-AD80A9F94161}"
EndProject
Project("{8BC9CEB8-8B4A-11D0-8D11-00A0C91BC942}") = "HomeWork19", "HomeWork19\HomeWork19.vcxproj", "{132C45F3-FC9F-43FE-A411-471AB159FB06}"
EndProject
Project("{8BC9CEB8-8B4A-11D0-8D11-00A0C91BC942}") = "LabWork291219", "LabWork291219\LabWork291219.vcxproj", "{6B76555D-FB60-4E02-BBCF-6CF16346DF8B}"
EndProject
Project("{8BC9CEB8-8B4A-11D0-8D11-00A0C91BC942}") = "NNWinProject", "NNWinProject\NNWinProject.vcxproj", "{5C2B7AF7-A950-4979-A1CD-87969917AC38}"
EndProject
Project("{8BC9CEB8-8B4A-11D0-8D11-00A0C91BC942}") = "HomeWork0003", "HomeWork0003\HomeWork0003.vcxproj", "{269FA0E1-E4A1-4AF6-A47C-331122E82EBD}"
EndProject
Project("{8BC9CEB8-8B4A-11D0-8D11-00A0C91BC942}") = "HomeWork0004", "HomeWork0004\HomeWork0004.vcxproj", "{4DAC44A2-3599-48F7-9CD5-89D19108A941}"
EndProject
Project("{8BC9CEB8-8B4A-11D0-8D11-00A0C91BC942}") = "LabWork120120", "LabWork120120\LabWork120120.vcxproj", "{E82BCE52-559C-45DB-A8F6-EDBFAA331AF7}"
EndProject
Project("{8BC9CEB8-8B4A-11D0-8D11-00A0C91BC942}") = "HomeWork0005", "HomeWork0005\HomeWork0005.vcxproj", "{0E05D27F-1939-4BC2-9F3D-27288A7C003D}"
EndProject
Project("{8BC9CEB8-8B4A-11D0-8D11-00A0C91BC942}") = "LabWork190120", "LabWork190120\LabWork190120.vcxproj", "{0C6B061D-916F-4F3B-BB4A-64293C092D04}"
EndProject
Project("{8BC9CEB8-8B4A-11D0-8D11-00A0C91BC942}") = "HomeWork0006", "HomeWork0006\HomeWork0006.vcxproj", "{475735A2-5842-4C0C-95B6-FB3777D5AFA5}"
EndProject
Project("{8BC9CEB8-8B4A-11D0-8D11-00A0C91BC942}") = "LabWork020220", "LabWork020220\LabWork020220.vcxproj", "{7DC63082-42A2-4B5F-A37E-99AB542BD697}"
EndProject
Project("{8BC9CEB8-8B4A-11D0-8D11-00A0C91BC942}") = "LabWork090220", "LabWork090220\LabWork090220.vcxproj", "{1FD15F45-C881-4E48-A455-6758146571BC}"
EndProject
Project("{FAE04EC0-301F-11D3-BF4B-00C04F79EFBC}") = "CSLab23-02-2020", "CSLab23-02-2020\CSLab23-02-2020.csproj", "{1921D19F-7C20-4838-88D9-5CF1BD18A2B9}"
EndProject
Project("{8BC9CEB8-8B4A-11D0-8D11-00A0C91BC942}") = "HomeWork0010", "HomeWork0010\HomeWork0010.vcxproj", "{3DC03284-CBDE-445E-A348-FF500716356F}"
EndProject
Project("{FAE04EC0-301F-11D3-BF4B-00C04F79EFBC}") = "CSHomeWork01", "CSHomeWork01\CSHomeWork01.csproj", "{8BD2F419-DB45-48A6-96BB-CA8C89C25662}"
EndProject
Project("{8BC9CEB8-8B4A-11D0-8D11-00A0C91BC942}") = "HomeWork0010-1", "HomeWork0010-1\HomeWork0010-1.vcxproj", "{E380BFE3-C2F3-4CFA-A865-105D11175C8E}"
EndProject
Project("{8BC9CEB8-8B4A-11D0-8D11-00A0C91BC942}") = "HomeWork0011", "HomeWork0011\HomeWork0011.vcxproj", "{6627C540-8B02-4B6B-B39A-12F5F529840B}"
EndProject
Project("{8BC9CEB8-8B4A-11D0-8D11-00A0C91BC942}") = "HomeWork0011-1", "HomeWork0011-1\HomeWork0011-1.vcxproj", "{168FA7D7-0880-446F-8094-AA09308C2C62}"
EndProject
Project("{FAE04EC0-301F-11D3-BF4B-00C04F79EFBC}") = "CSHomeWork02", "CSHomeWork02\CSHomeWork02.csproj", "{04B987F0-B2E6-4F79-91C7-814947CB293F}"
EndProject
Project("{8BC9CEB8-8B4A-11D0-8D11-00A0C91BC942}") = "HomeWork0010-2", "HomeWork0010-2\HomeWork0010-2.vcxproj", "{920E1A59-6E6B-45AD-9D4E-1CF64D9BA7E1}"
EndProject
Project("{8BC9CEB8-8B4A-11D0-8D11-00A0C91BC942}") = "HomeWork0010-3", "HomeWork0010-3\HomeWork0010-3.vcxproj", "{54415203-D60E-416A-9F70-2ED643BAAC5E}"
EndProject
Project("{FAE04EC0-301F-11D3-BF4B-00C04F79EFBC}") = "CSHomeWork03", "CSHomeWork03\CSHomeWork03.csproj", "{DAC80F6F-316A-4254-9941-02DD655718B0}"
EndProject
Project("{FAE04EC0-301F-11D3-BF4B-00C04F79EFBC}") = "CSHomeWork04", "CSHomeWork04\CSHomeWork04.csproj", "{EB5DAD72-818B-4553-8959-1A7416254665}"
EndProject
Project("{9A19103F-16F7-4668-BE54-9A1E7A4F7556}") = "CSLab17-05-20", "CSLab17-05-20\CSLab17-05-20.csproj", "{3CE87064-C819-45C1-B0A4-8D0DE6044195}"
EndProject
Project("{FAE04EC0-301F-11D3-BF4B-00C04F79EFBC}") = "CSHomeWork041", "CSHomeWork041\CSHomeWork041.csproj", "{CC452658-9B73-4C56-94CA-F7E4B321B939}"
EndProject
Project("{FAE04EC0-301F-11D3-BF4B-00C04F79EFBC}") = "CSHomeWork5", "CSHomeWork5\CSHomeWork5.csproj", "{854721B7-1355-4D65-913B-22F96E48A12D}"
EndProject
Project("{FAE04EC0-301F-11D3-BF4B-00C04F79EFBC}") = "CSHomeWork6", "CSHomeWork6\CSHomeWork6.csproj", "{0045EBA5-87C3-4B53-8F63-F98498E5A01D}"
EndProject
Project("{8BC9CEB8-8B4A-11D0-8D11-00A0C91BC942}") = "HomeWork0016", "HomeWork0016\HomeWork0016.vcxproj", "{476F5CB0-BAC9-43E2-8B2F-48B4A10D0CB3}"
EndProject
Project("{FAE04EC0-301F-11D3-BF4B-00C04F79EFBC}") = "CSHomeWork066", "CSHomeWork066\CSHomeWork066.csproj", "{BED3B69E-9B7D-4099-B956-D294CF7C3B42}"
EndProject
Project("{8BC9CEB8-8B4A-11D0-8D11-00A0C91BC942}") = "HomeWork0017", "HomeWork0017\HomeWork0017.vcxproj", "{634E9F02-E56B-421E-84B3-54E1614F256D}"
EndProject
Project("{8BC9CEB8-8B4A-11D0-8D11-00A0C91BC942}") = "HomeWork0013", "HomeWork0013\HomeWork0013.vcxproj", "{8F2D81B2-1080-439D-8F45-E4774086D026}"
EndProject
Project("{8BC9CEB8-8B4A-11D0-8D11-00A0C91BC942}") = "Exam01", "Exam01\Exam01.vcxproj", "{0FCBD06D-6050-4D06-B014-2737737B963F}"
EndProject
Project("{FAE04EC0-301F-11D3-BF4B-00C04F79EFBC}") = "Lab111020", "Lab111020\Lab111020.csproj", "{472ADB39-9C6C-4559-97F2-C13C799D5E4D}"
EndProject
Project("{FAE04EC0-301F-11D3-BF4B-00C04F79EFBC}") = "LabWindowsFormsApp", "LabWindowsFormsApp\LabWindowsFormsApp.csproj", "{864375F2-8AB6-4DAF-ABA4-0FDA41083D16}"
EndProject
Global
	GlobalSection(SolutionConfigurationPlatforms) = preSolution
		Debug|Any CPU = Debug|Any CPU
		Debug|x64 = Debug|x64
		Debug|x86 = Debug|x86
		Release|Any CPU = Release|Any CPU
		Release|x64 = Release|x64
		Release|x86 = Release|x86
	EndGlobalSection
	GlobalSection(ProjectConfigurationPlatforms) = postSolution
		{D2F51306-4C5F-483B-9D8B-F0A4D23BC691}.Debug|Any CPU.ActiveCfg = Debug|Win32
		{D2F51306-4C5F-483B-9D8B-F0A4D23BC691}.Debug|x64.ActiveCfg = Debug|x64
		{D2F51306-4C5F-483B-9D8B-F0A4D23BC691}.Debug|x64.Build.0 = Debug|x64
		{D2F51306-4C5F-483B-9D8B-F0A4D23BC691}.Debug|x86.ActiveCfg = Debug|Win32
		{D2F51306-4C5F-483B-9D8B-F0A4D23BC691}.Debug|x86.Build.0 = Debug|Win32
		{D2F51306-4C5F-483B-9D8B-F0A4D23BC691}.Release|Any CPU.ActiveCfg = Release|Win32
		{D2F51306-4C5F-483B-9D8B-F0A4D23BC691}.Release|x64.ActiveCfg = Release|x64
		{D2F51306-4C5F-483B-9D8B-F0A4D23BC691}.Release|x64.Build.0 = Release|x64
		{D2F51306-4C5F-483B-9D8B-F0A4D23BC691}.Release|x86.ActiveCfg = Release|Win32
		{D2F51306-4C5F-483B-9D8B-F0A4D23BC691}.Release|x86.Build.0 = Release|Win32
		{6E220FD1-4D54-46C8-8AC5-7B2B76DBC242}.Debug|Any CPU.ActiveCfg = Debug|Win32
		{6E220FD1-4D54-46C8-8AC5-7B2B76DBC242}.Debug|x64.ActiveCfg = Debug|x64
		{6E220FD1-4D54-46C8-8AC5-7B2B76DBC242}.Debug|x64.Build.0 = Debug|x64
		{6E220FD1-4D54-46C8-8AC5-7B2B76DBC242}.Debug|x86.ActiveCfg = Debug|Win32
		{6E220FD1-4D54-46C8-8AC5-7B2B76DBC242}.Debug|x86.Build.0 = Debug|Win32
		{6E220FD1-4D54-46C8-8AC5-7B2B76DBC242}.Release|Any CPU.ActiveCfg = Release|Win32
		{6E220FD1-4D54-46C8-8AC5-7B2B76DBC242}.Release|x64.ActiveCfg = Release|x64
		{6E220FD1-4D54-46C8-8AC5-7B2B76DBC242}.Release|x64.Build.0 = Release|x64
		{6E220FD1-4D54-46C8-8AC5-7B2B76DBC242}.Release|x86.ActiveCfg = Release|Win32
		{6E220FD1-4D54-46C8-8AC5-7B2B76DBC242}.Release|x86.Build.0 = Release|Win32
		{7C31C17B-9FE5-4AE0-9C59-C43F15D38E08}.Debug|Any CPU.ActiveCfg = Debug|Win32
		{7C31C17B-9FE5-4AE0-9C59-C43F15D38E08}.Debug|x64.ActiveCfg = Debug|x64
		{7C31C17B-9FE5-4AE0-9C59-C43F15D38E08}.Debug|x64.Build.0 = Debug|x64
		{7C31C17B-9FE5-4AE0-9C59-C43F15D38E08}.Debug|x86.ActiveCfg = Debug|Win32
		{7C31C17B-9FE5-4AE0-9C59-C43F15D38E08}.Debug|x86.Build.0 = Debug|Win32
		{7C31C17B-9FE5-4AE0-9C59-C43F15D38E08}.Release|Any CPU.ActiveCfg = Release|Win32
		{7C31C17B-9FE5-4AE0-9C59-C43F15D38E08}.Release|x64.ActiveCfg = Release|x64
		{7C31C17B-9FE5-4AE0-9C59-C43F15D38E08}.Release|x64.Build.0 = Release|x64
		{7C31C17B-9FE5-4AE0-9C59-C43F15D38E08}.Release|x86.ActiveCfg = Release|Win32
		{7C31C17B-9FE5-4AE0-9C59-C43F15D38E08}.Release|x86.Build.0 = Release|Win32
		{AF6D082A-0046-43A1-B9E1-51DE552632B3}.Debug|Any CPU.ActiveCfg = Debug|Win32
		{AF6D082A-0046-43A1-B9E1-51DE552632B3}.Debug|x64.ActiveCfg = Debug|x64
		{AF6D082A-0046-43A1-B9E1-51DE552632B3}.Debug|x64.Build.0 = Debug|x64
		{AF6D082A-0046-43A1-B9E1-51DE552632B3}.Debug|x86.ActiveCfg = Debug|Win32
		{AF6D082A-0046-43A1-B9E1-51DE552632B3}.Debug|x86.Build.0 = Debug|Win32
		{AF6D082A-0046-43A1-B9E1-51DE552632B3}.Release|Any CPU.ActiveCfg = Release|Win32
		{AF6D082A-0046-43A1-B9E1-51DE552632B3}.Release|x64.ActiveCfg = Release|x64
		{AF6D082A-0046-43A1-B9E1-51DE552632B3}.Release|x64.Build.0 = Release|x64
		{AF6D082A-0046-43A1-B9E1-51DE552632B3}.Release|x86.ActiveCfg = Release|Win32
		{AF6D082A-0046-43A1-B9E1-51DE552632B3}.Release|x86.Build.0 = Release|Win32
		{DA66C384-44F0-4060-BD7A-80214665CEC8}.Debug|Any CPU.ActiveCfg = Debug|Win32
		{DA66C384-44F0-4060-BD7A-80214665CEC8}.Debug|x64.ActiveCfg = Debug|x64
		{DA66C384-44F0-4060-BD7A-80214665CEC8}.Debug|x64.Build.0 = Debug|x64
		{DA66C384-44F0-4060-BD7A-80214665CEC8}.Debug|x86.ActiveCfg = Debug|Win32
		{DA66C384-44F0-4060-BD7A-80214665CEC8}.Debug|x86.Build.0 = Debug|Win32
		{DA66C384-44F0-4060-BD7A-80214665CEC8}.Release|Any CPU.ActiveCfg = Release|Win32
		{DA66C384-44F0-4060-BD7A-80214665CEC8}.Release|x64.ActiveCfg = Release|x64
		{DA66C384-44F0-4060-BD7A-80214665CEC8}.Release|x64.Build.0 = Release|x64
		{DA66C384-44F0-4060-BD7A-80214665CEC8}.Release|x86.ActiveCfg = Release|Win32
		{DA66C384-44F0-4060-BD7A-80214665CEC8}.Release|x86.Build.0 = Release|Win32
		{60EE1B3B-3B11-41F3-9AF2-1BBDB29D4A79}.Debug|Any CPU.ActiveCfg = Debug|Win32
		{60EE1B3B-3B11-41F3-9AF2-1BBDB29D4A79}.Debug|x64.ActiveCfg = Debug|x64
		{60EE1B3B-3B11-41F3-9AF2-1BBDB29D4A79}.Debug|x64.Build.0 = Debug|x64
		{60EE1B3B-3B11-41F3-9AF2-1BBDB29D4A79}.Debug|x86.ActiveCfg = Debug|Win32
		{60EE1B3B-3B11-41F3-9AF2-1BBDB29D4A79}.Debug|x86.Build.0 = Debug|Win32
		{60EE1B3B-3B11-41F3-9AF2-1BBDB29D4A79}.Release|Any CPU.ActiveCfg = Release|Win32
		{60EE1B3B-3B11-41F3-9AF2-1BBDB29D4A79}.Release|x64.ActiveCfg = Release|x64
		{60EE1B3B-3B11-41F3-9AF2-1BBDB29D4A79}.Release|x64.Build.0 = Release|x64
		{60EE1B3B-3B11-41F3-9AF2-1BBDB29D4A79}.Release|x86.ActiveCfg = Release|Win32
		{60EE1B3B-3B11-41F3-9AF2-1BBDB29D4A79}.Release|x86.Build.0 = Release|Win32
		{9CAA75AD-6E46-4F0B-99E9-32867DA17D61}.Debug|Any CPU.ActiveCfg = Debug|Win32
		{9CAA75AD-6E46-4F0B-99E9-32867DA17D61}.Debug|x64.ActiveCfg = Debug|x64
		{9CAA75AD-6E46-4F0B-99E9-32867DA17D61}.Debug|x64.Build.0 = Debug|x64
		{9CAA75AD-6E46-4F0B-99E9-32867DA17D61}.Debug|x86.ActiveCfg = Debug|Win32
		{9CAA75AD-6E46-4F0B-99E9-32867DA17D61}.Debug|x86.Build.0 = Debug|Win32
		{9CAA75AD-6E46-4F0B-99E9-32867DA17D61}.Release|Any CPU.ActiveCfg = Release|Win32
		{9CAA75AD-6E46-4F0B-99E9-32867DA17D61}.Release|x64.ActiveCfg = Release|x64
		{9CAA75AD-6E46-4F0B-99E9-32867DA17D61}.Release|x64.Build.0 = Release|x64
		{9CAA75AD-6E46-4F0B-99E9-32867DA17D61}.Release|x86.ActiveCfg = Release|Win32
		{9CAA75AD-6E46-4F0B-99E9-32867DA17D61}.Release|x86.Build.0 = Release|Win32
		{C2FF612E-2DCC-47BE-880C-8B9CF94B718F}.Debug|Any CPU.ActiveCfg = Debug|Win32
		{C2FF612E-2DCC-47BE-880C-8B9CF94B718F}.Debug|x64.ActiveCfg = Debug|x64
		{C2FF612E-2DCC-47BE-880C-8B9CF94B718F}.Debug|x64.Build.0 = Debug|x64
		{C2FF612E-2DCC-47BE-880C-8B9CF94B718F}.Debug|x86.ActiveCfg = Debug|Win32
		{C2FF612E-2DCC-47BE-880C-8B9CF94B718F}.Debug|x86.Build.0 = Debug|Win32
		{C2FF612E-2DCC-47BE-880C-8B9CF94B718F}.Release|Any CPU.ActiveCfg = Release|Win32
		{C2FF612E-2DCC-47BE-880C-8B9CF94B718F}.Release|x64.ActiveCfg = Release|x64
		{C2FF612E-2DCC-47BE-880C-8B9CF94B718F}.Release|x64.Build.0 = Release|x64
		{C2FF612E-2DCC-47BE-880C-8B9CF94B718F}.Release|x86.ActiveCfg = Release|Win32
		{C2FF612E-2DCC-47BE-880C-8B9CF94B718F}.Release|x86.Build.0 = Release|Win32
		{3B073C77-BFFC-4325-A5E2-79A14694D369}.Debug|Any CPU.ActiveCfg = Debug|Win32
		{3B073C77-BFFC-4325-A5E2-79A14694D369}.Debug|x64.ActiveCfg = Debug|x64
		{3B073C77-BFFC-4325-A5E2-79A14694D369}.Debug|x64.Build.0 = Debug|x64
		{3B073C77-BFFC-4325-A5E2-79A14694D369}.Debug|x86.ActiveCfg = Debug|Win32
		{3B073C77-BFFC-4325-A5E2-79A14694D369}.Debug|x86.Build.0 = Debug|Win32
		{3B073C77-BFFC-4325-A5E2-79A14694D369}.Release|Any CPU.ActiveCfg = Release|Win32
		{3B073C77-BFFC-4325-A5E2-79A14694D369}.Release|x64.ActiveCfg = Release|x64
		{3B073C77-BFFC-4325-A5E2-79A14694D369}.Release|x64.Build.0 = Release|x64
		{3B073C77-BFFC-4325-A5E2-79A14694D369}.Release|x86.ActiveCfg = Release|Win32
		{3B073C77-BFFC-4325-A5E2-79A14694D369}.Release|x86.Build.0 = Release|Win32
		{E6CB85AC-5026-4C3C-910E-463E5696C700}.Debug|Any CPU.ActiveCfg = Debug|Win32
		{E6CB85AC-5026-4C3C-910E-463E5696C700}.Debug|x64.ActiveCfg = Debug|x64
		{E6CB85AC-5026-4C3C-910E-463E5696C700}.Debug|x64.Build.0 = Debug|x64
		{E6CB85AC-5026-4C3C-910E-463E5696C700}.Debug|x86.ActiveCfg = Debug|Win32
		{E6CB85AC-5026-4C3C-910E-463E5696C700}.Debug|x86.Build.0 = Debug|Win32
		{E6CB85AC-5026-4C3C-910E-463E5696C700}.Release|Any CPU.ActiveCfg = Release|Win32
		{E6CB85AC-5026-4C3C-910E-463E5696C700}.Release|x64.ActiveCfg = Release|x64
		{E6CB85AC-5026-4C3C-910E-463E5696C700}.Release|x64.Build.0 = Release|x64
		{E6CB85AC-5026-4C3C-910E-463E5696C700}.Release|x86.ActiveCfg = Release|Win32
		{E6CB85AC-5026-4C3C-910E-463E5696C700}.Release|x86.Build.0 = Release|Win32
		{DD62C101-71FE-49BC-8DF3-CE3E93795DD2}.Debug|Any CPU.ActiveCfg = Debug|Win32
		{DD62C101-71FE-49BC-8DF3-CE3E93795DD2}.Debug|x64.ActiveCfg = Debug|x64
		{DD62C101-71FE-49BC-8DF3-CE3E93795DD2}.Debug|x64.Build.0 = Debug|x64
		{DD62C101-71FE-49BC-8DF3-CE3E93795DD2}.Debug|x86.ActiveCfg = Debug|Win32
		{DD62C101-71FE-49BC-8DF3-CE3E93795DD2}.Debug|x86.Build.0 = Debug|Win32
		{DD62C101-71FE-49BC-8DF3-CE3E93795DD2}.Release|Any CPU.ActiveCfg = Release|Win32
		{DD62C101-71FE-49BC-8DF3-CE3E93795DD2}.Release|x64.ActiveCfg = Release|x64
		{DD62C101-71FE-49BC-8DF3-CE3E93795DD2}.Release|x64.Build.0 = Release|x64
		{DD62C101-71FE-49BC-8DF3-CE3E93795DD2}.Release|x86.ActiveCfg = Release|Win32
		{DD62C101-71FE-49BC-8DF3-CE3E93795DD2}.Release|x86.Build.0 = Release|Win32
		{D1D66934-EAB8-439B-A564-4DDD15366E5F}.Debug|Any CPU.ActiveCfg = Debug|Win32
		{D1D66934-EAB8-439B-A564-4DDD15366E5F}.Debug|x64.ActiveCfg = Debug|x64
		{D1D66934-EAB8-439B-A564-4DDD15366E5F}.Debug|x64.Build.0 = Debug|x64
		{D1D66934-EAB8-439B-A564-4DDD15366E5F}.Debug|x86.ActiveCfg = Debug|Win32
		{D1D66934-EAB8-439B-A564-4DDD15366E5F}.Debug|x86.Build.0 = Debug|Win32
		{D1D66934-EAB8-439B-A564-4DDD15366E5F}.Release|Any CPU.ActiveCfg = Release|Win32
		{D1D66934-EAB8-439B-A564-4DDD15366E5F}.Release|x64.ActiveCfg = Release|x64
		{D1D66934-EAB8-439B-A564-4DDD15366E5F}.Release|x64.Build.0 = Release|x64
		{D1D66934-EAB8-439B-A564-4DDD15366E5F}.Release|x86.ActiveCfg = Release|Win32
		{D1D66934-EAB8-439B-A564-4DDD15366E5F}.Release|x86.Build.0 = Release|Win32
		{E2A729F1-C29E-4121-B55F-72F5E005D1F9}.Debug|Any CPU.ActiveCfg = Debug|Win32
		{E2A729F1-C29E-4121-B55F-72F5E005D1F9}.Debug|x64.ActiveCfg = Debug|x64
		{E2A729F1-C29E-4121-B55F-72F5E005D1F9}.Debug|x64.Build.0 = Debug|x64
		{E2A729F1-C29E-4121-B55F-72F5E005D1F9}.Debug|x86.ActiveCfg = Debug|Win32
		{E2A729F1-C29E-4121-B55F-72F5E005D1F9}.Debug|x86.Build.0 = Debug|Win32
		{E2A729F1-C29E-4121-B55F-72F5E005D1F9}.Release|Any CPU.ActiveCfg = Release|Win32
		{E2A729F1-C29E-4121-B55F-72F5E005D1F9}.Release|x64.ActiveCfg = Release|x64
		{E2A729F1-C29E-4121-B55F-72F5E005D1F9}.Release|x64.Build.0 = Release|x64
		{E2A729F1-C29E-4121-B55F-72F5E005D1F9}.Release|x86.ActiveCfg = Release|Win32
		{E2A729F1-C29E-4121-B55F-72F5E005D1F9}.Release|x86.Build.0 = Release|Win32
		{295FF07B-2F85-4179-A843-50425676D6DF}.Debug|Any CPU.ActiveCfg = Debug|Win32
		{295FF07B-2F85-4179-A843-50425676D6DF}.Debug|x64.ActiveCfg = Debug|x64
		{295FF07B-2F85-4179-A843-50425676D6DF}.Debug|x64.Build.0 = Debug|x64
		{295FF07B-2F85-4179-A843-50425676D6DF}.Debug|x86.ActiveCfg = Debug|Win32
		{295FF07B-2F85-4179-A843-50425676D6DF}.Debug|x86.Build.0 = Debug|Win32
		{295FF07B-2F85-4179-A843-50425676D6DF}.Release|Any CPU.ActiveCfg = Release|Win32
		{295FF07B-2F85-4179-A843-50425676D6DF}.Release|x64.ActiveCfg = Release|x64
		{295FF07B-2F85-4179-A843-50425676D6DF}.Release|x64.Build.0 = Release|x64
		{295FF07B-2F85-4179-A843-50425676D6DF}.Release|x86.ActiveCfg = Release|Win32
		{295FF07B-2F85-4179-A843-50425676D6DF}.Release|x86.Build.0 = Release|Win32
		{64A998B2-295F-4B9A-8AEE-AD80A9F94161}.Debug|Any CPU.ActiveCfg = Debug|Win32
		{64A998B2-295F-4B9A-8AEE-AD80A9F94161}.Debug|x64.ActiveCfg = Debug|x64
		{64A998B2-295F-4B9A-8AEE-AD80A9F94161}.Debug|x64.Build.0 = Debug|x64
		{64A998B2-295F-4B9A-8AEE-AD80A9F94161}.Debug|x86.ActiveCfg = Debug|Win32
		{64A998B2-295F-4B9A-8AEE-AD80A9F94161}.Debug|x86.Build.0 = Debug|Win32
		{64A998B2-295F-4B9A-8AEE-AD80A9F94161}.Release|Any CPU.ActiveCfg = Release|Win32
		{64A998B2-295F-4B9A-8AEE-AD80A9F94161}.Release|x64.ActiveCfg = Release|x64
		{64A998B2-295F-4B9A-8AEE-AD80A9F94161}.Release|x64.Build.0 = Release|x64
		{64A998B2-295F-4B9A-8AEE-AD80A9F94161}.Release|x86.ActiveCfg = Release|Win32
		{64A998B2-295F-4B9A-8AEE-AD80A9F94161}.Release|x86.Build.0 = Release|Win32
		{132C45F3-FC9F-43FE-A411-471AB159FB06}.Debug|Any CPU.ActiveCfg = Debug|Win32
		{132C45F3-FC9F-43FE-A411-471AB159FB06}.Debug|x64.ActiveCfg = Debug|x64
		{132C45F3-FC9F-43FE-A411-471AB159FB06}.Debug|x64.Build.0 = Debug|x64
		{132C45F3-FC9F-43FE-A411-471AB159FB06}.Debug|x86.ActiveCfg = Debug|Win32
		{132C45F3-FC9F-43FE-A411-471AB159FB06}.Debug|x86.Build.0 = Debug|Win32
		{132C45F3-FC9F-43FE-A411-471AB159FB06}.Release|Any CPU.ActiveCfg = Release|Win32
		{132C45F3-FC9F-43FE-A411-471AB159FB06}.Release|x64.ActiveCfg = Release|x64
		{132C45F3-FC9F-43FE-A411-471AB159FB06}.Release|x64.Build.0 = Release|x64
		{132C45F3-FC9F-43FE-A411-471AB159FB06}.Release|x86.ActiveCfg = Release|Win32
		{132C45F3-FC9F-43FE-A411-471AB159FB06}.Release|x86.Build.0 = Release|Win32
		{6B76555D-FB60-4E02-BBCF-6CF16346DF8B}.Debug|Any CPU.ActiveCfg = Debug|Win32
		{6B76555D-FB60-4E02-BBCF-6CF16346DF8B}.Debug|x64.ActiveCfg = Debug|x64
		{6B76555D-FB60-4E02-BBCF-6CF16346DF8B}.Debug|x64.Build.0 = Debug|x64
		{6B76555D-FB60-4E02-BBCF-6CF16346DF8B}.Debug|x86.ActiveCfg = Debug|Win32
		{6B76555D-FB60-4E02-BBCF-6CF16346DF8B}.Debug|x86.Build.0 = Debug|Win32
		{6B76555D-FB60-4E02-BBCF-6CF16346DF8B}.Release|Any CPU.ActiveCfg = Release|Win32
		{6B76555D-FB60-4E02-BBCF-6CF16346DF8B}.Release|x64.ActiveCfg = Release|x64
		{6B76555D-FB60-4E02-BBCF-6CF16346DF8B}.Release|x64.Build.0 = Release|x64
		{6B76555D-FB60-4E02-BBCF-6CF16346DF8B}.Release|x86.ActiveCfg = Release|Win32
		{6B76555D-FB60-4E02-BBCF-6CF16346DF8B}.Release|x86.Build.0 = Release|Win32
		{5C2B7AF7-A950-4979-A1CD-87969917AC38}.Debug|Any CPU.ActiveCfg = Debug|Win32
		{5C2B7AF7-A950-4979-A1CD-87969917AC38}.Debug|x64.ActiveCfg = Debug|x64
		{5C2B7AF7-A950-4979-A1CD-87969917AC38}.Debug|x64.Build.0 = Debug|x64
		{5C2B7AF7-A950-4979-A1CD-87969917AC38}.Debug|x86.ActiveCfg = Debug|Win32
		{5C2B7AF7-A950-4979-A1CD-87969917AC38}.Debug|x86.Build.0 = Debug|Win32
		{5C2B7AF7-A950-4979-A1CD-87969917AC38}.Release|Any CPU.ActiveCfg = Release|Win32
		{5C2B7AF7-A950-4979-A1CD-87969917AC38}.Release|x64.ActiveCfg = Release|x64
		{5C2B7AF7-A950-4979-A1CD-87969917AC38}.Release|x64.Build.0 = Release|x64
		{5C2B7AF7-A950-4979-A1CD-87969917AC38}.Release|x86.ActiveCfg = Release|Win32
		{5C2B7AF7-A950-4979-A1CD-87969917AC38}.Release|x86.Build.0 = Release|Win32
		{269FA0E1-E4A1-4AF6-A47C-331122E82EBD}.Debug|Any CPU.ActiveCfg = Debug|Win32
		{269FA0E1-E4A1-4AF6-A47C-331122E82EBD}.Debug|x64.ActiveCfg = Debug|x64
		{269FA0E1-E4A1-4AF6-A47C-331122E82EBD}.Debug|x64.Build.0 = Debug|x64
		{269FA0E1-E4A1-4AF6-A47C-331122E82EBD}.Debug|x86.ActiveCfg = Debug|Win32
		{269FA0E1-E4A1-4AF6-A47C-331122E82EBD}.Debug|x86.Build.0 = Debug|Win32
		{269FA0E1-E4A1-4AF6-A47C-331122E82EBD}.Release|Any CPU.ActiveCfg = Release|Win32
		{269FA0E1-E4A1-4AF6-A47C-331122E82EBD}.Release|x64.ActiveCfg = Release|x64
		{269FA0E1-E4A1-4AF6-A47C-331122E82EBD}.Release|x64.Build.0 = Release|x64
		{269FA0E1-E4A1-4AF6-A47C-331122E82EBD}.Release|x86.ActiveCfg = Release|Win32
		{269FA0E1-E4A1-4AF6-A47C-331122E82EBD}.Release|x86.Build.0 = Release|Win32
		{4DAC44A2-3599-48F7-9CD5-89D19108A941}.Debug|Any CPU.ActiveCfg = Debug|Win32
		{4DAC44A2-3599-48F7-9CD5-89D19108A941}.Debug|x64.ActiveCfg = Debug|x64
		{4DAC44A2-3599-48F7-9CD5-89D19108A941}.Debug|x64.Build.0 = Debug|x64
		{4DAC44A2-3599-48F7-9CD5-89D19108A941}.Debug|x86.ActiveCfg = Debug|Win32
		{4DAC44A2-3599-48F7-9CD5-89D19108A941}.Debug|x86.Build.0 = Debug|Win32
		{4DAC44A2-3599-48F7-9CD5-89D19108A941}.Release|Any CPU.ActiveCfg = Release|Win32
		{4DAC44A2-3599-48F7-9CD5-89D19108A941}.Release|x64.ActiveCfg = Release|x64
		{4DAC44A2-3599-48F7-9CD5-89D19108A941}.Release|x64.Build.0 = Release|x64
		{4DAC44A2-3599-48F7-9CD5-89D19108A941}.Release|x86.ActiveCfg = Release|Win32
		{4DAC44A2-3599-48F7-9CD5-89D19108A941}.Release|x86.Build.0 = Release|Win32
		{E82BCE52-559C-45DB-A8F6-EDBFAA331AF7}.Debug|Any CPU.ActiveCfg = Debug|Win32
		{E82BCE52-559C-45DB-A8F6-EDBFAA331AF7}.Debug|x64.ActiveCfg = Debug|x64
		{E82BCE52-559C-45DB-A8F6-EDBFAA331AF7}.Debug|x64.Build.0 = Debug|x64
		{E82BCE52-559C-45DB-A8F6-EDBFAA331AF7}.Debug|x86.ActiveCfg = Debug|Win32
		{E82BCE52-559C-45DB-A8F6-EDBFAA331AF7}.Debug|x86.Build.0 = Debug|Win32
		{E82BCE52-559C-45DB-A8F6-EDBFAA331AF7}.Release|Any CPU.ActiveCfg = Release|Win32
		{E82BCE52-559C-45DB-A8F6-EDBFAA331AF7}.Release|x64.ActiveCfg = Release|x64
		{E82BCE52-559C-45DB-A8F6-EDBFAA331AF7}.Release|x64.Build.0 = Release|x64
		{E82BCE52-559C-45DB-A8F6-EDBFAA331AF7}.Release|x86.ActiveCfg = Release|Win32
		{E82BCE52-559C-45DB-A8F6-EDBFAA331AF7}.Release|x86.Build.0 = Release|Win32
		{0E05D27F-1939-4BC2-9F3D-27288A7C003D}.Debug|Any CPU.ActiveCfg = Debug|Win32
		{0E05D27F-1939-4BC2-9F3D-27288A7C003D}.Debug|x64.ActiveCfg = Debug|x64
		{0E05D27F-1939-4BC2-9F3D-27288A7C003D}.Debug|x64.Build.0 = Debug|x64
		{0E05D27F-1939-4BC2-9F3D-27288A7C003D}.Debug|x86.ActiveCfg = Debug|Win32
		{0E05D27F-1939-4BC2-9F3D-27288A7C003D}.Debug|x86.Build.0 = Debug|Win32
		{0E05D27F-1939-4BC2-9F3D-27288A7C003D}.Release|Any CPU.ActiveCfg = Release|Win32
		{0E05D27F-1939-4BC2-9F3D-27288A7C003D}.Release|x64.ActiveCfg = Release|x64
		{0E05D27F-1939-4BC2-9F3D-27288A7C003D}.Release|x64.Build.0 = Release|x64
		{0E05D27F-1939-4BC2-9F3D-27288A7C003D}.Release|x86.ActiveCfg = Release|Win32
		{0E05D27F-1939-4BC2-9F3D-27288A7C003D}.Release|x86.Build.0 = Release|Win32
		{0C6B061D-916F-4F3B-BB4A-64293C092D04}.Debug|Any CPU.ActiveCfg = Debug|Win32
		{0C6B061D-916F-4F3B-BB4A-64293C092D04}.Debug|x64.ActiveCfg = Debug|x64
		{0C6B061D-916F-4F3B-BB4A-64293C092D04}.Debug|x64.Build.0 = Debug|x64
		{0C6B061D-916F-4F3B-BB4A-64293C092D04}.Debug|x86.ActiveCfg = Debug|Win32
		{0C6B061D-916F-4F3B-BB4A-64293C092D04}.Debug|x86.Build.0 = Debug|Win32
		{0C6B061D-916F-4F3B-BB4A-64293C092D04}.Release|Any CPU.ActiveCfg = Release|Win32
		{0C6B061D-916F-4F3B-BB4A-64293C092D04}.Release|x64.ActiveCfg = Release|x64
		{0C6B061D-916F-4F3B-BB4A-64293C092D04}.Release|x64.Build.0 = Release|x64
		{0C6B061D-916F-4F3B-BB4A-64293C092D04}.Release|x86.ActiveCfg = Release|Win32
		{0C6B061D-916F-4F3B-BB4A-64293C092D04}.Release|x86.Build.0 = Release|Win32
		{475735A2-5842-4C0C-95B6-FB3777D5AFA5}.Debug|Any CPU.ActiveCfg = Debug|Win32
		{475735A2-5842-4C0C-95B6-FB3777D5AFA5}.Debug|x64.ActiveCfg = Debug|x64
		{475735A2-5842-4C0C-95B6-FB3777D5AFA5}.Debug|x64.Build.0 = Debug|x64
		{475735A2-5842-4C0C-95B6-FB3777D5AFA5}.Debug|x86.ActiveCfg = Debug|Win32
		{475735A2-5842-4C0C-95B6-FB3777D5AFA5}.Debug|x86.Build.0 = Debug|Win32
		{475735A2-5842-4C0C-95B6-FB3777D5AFA5}.Release|Any CPU.ActiveCfg = Release|Win32
		{475735A2-5842-4C0C-95B6-FB3777D5AFA5}.Release|x64.ActiveCfg = Release|x64
		{475735A2-5842-4C0C-95B6-FB3777D5AFA5}.Release|x64.Build.0 = Release|x64
		{475735A2-5842-4C0C-95B6-FB3777D5AFA5}.Release|x86.ActiveCfg = Release|Win32
		{475735A2-5842-4C0C-95B6-FB3777D5AFA5}.Release|x86.Build.0 = Release|Win32
		{7DC63082-42A2-4B5F-A37E-99AB542BD697}.Debug|Any CPU.ActiveCfg = Debug|Win32
		{7DC63082-42A2-4B5F-A37E-99AB542BD697}.Debug|x64.ActiveCfg = Debug|x64
		{7DC63082-42A2-4B5F-A37E-99AB542BD697}.Debug|x64.Build.0 = Debug|x64
		{7DC63082-42A2-4B5F-A37E-99AB542BD697}.Debug|x86.ActiveCfg = Debug|Win32
		{7DC63082-42A2-4B5F-A37E-99AB542BD697}.Debug|x86.Build.0 = Debug|Win32
		{7DC63082-42A2-4B5F-A37E-99AB542BD697}.Release|Any CPU.ActiveCfg = Release|Win32
		{7DC63082-42A2-4B5F-A37E-99AB542BD697}.Release|x64.ActiveCfg = Release|x64
		{7DC63082-42A2-4B5F-A37E-99AB542BD697}.Release|x64.Build.0 = Release|x64
		{7DC63082-42A2-4B5F-A37E-99AB542BD697}.Release|x86.ActiveCfg = Release|Win32
		{7DC63082-42A2-4B5F-A37E-99AB542BD697}.Release|x86.Build.0 = Release|Win32
		{1FD15F45-C881-4E48-A455-6758146571BC}.Debug|Any CPU.ActiveCfg = Debug|Win32
		{1FD15F45-C881-4E48-A455-6758146571BC}.Debug|x64.ActiveCfg = Debug|x64
		{1FD15F45-C881-4E48-A455-6758146571BC}.Debug|x64.Build.0 = Debug|x64
		{1FD15F45-C881-4E48-A455-6758146571BC}.Debug|x86.ActiveCfg = Debug|Win32
		{1FD15F45-C881-4E48-A455-6758146571BC}.Debug|x86.Build.0 = Debug|Win32
		{1FD15F45-C881-4E48-A455-6758146571BC}.Release|Any CPU.ActiveCfg = Release|Win32
		{1FD15F45-C881-4E48-A455-6758146571BC}.Release|x64.ActiveCfg = Release|x64
		{1FD15F45-C881-4E48-A455-6758146571BC}.Release|x64.Build.0 = Release|x64
		{1FD15F45-C881-4E48-A455-6758146571BC}.Release|x86.ActiveCfg = Release|Win32
		{1FD15F45-C881-4E48-A455-6758146571BC}.Release|x86.Build.0 = Release|Win32
		{1921D19F-7C20-4838-88D9-5CF1BD18A2B9}.Debug|Any CPU.ActiveCfg = Debug|Any CPU
		{1921D19F-7C20-4838-88D9-5CF1BD18A2B9}.Debug|Any CPU.Build.0 = Debug|Any CPU
		{1921D19F-7C20-4838-88D9-5CF1BD18A2B9}.Debug|x64.ActiveCfg = Debug|Any CPU
		{1921D19F-7C20-4838-88D9-5CF1BD18A2B9}.Debug|x64.Build.0 = Debug|Any CPU
		{1921D19F-7C20-4838-88D9-5CF1BD18A2B9}.Debug|x86.ActiveCfg = Debug|Any CPU
		{1921D19F-7C20-4838-88D9-5CF1BD18A2B9}.Debug|x86.Build.0 = Debug|Any CPU
		{1921D19F-7C20-4838-88D9-5CF1BD18A2B9}.Release|Any CPU.ActiveCfg = Release|Any CPU
		{1921D19F-7C20-4838-88D9-5CF1BD18A2B9}.Release|Any CPU.Build.0 = Release|Any CPU
		{1921D19F-7C20-4838-88D9-5CF1BD18A2B9}.Release|x64.ActiveCfg = Release|Any CPU
		{1921D19F-7C20-4838-88D9-5CF1BD18A2B9}.Release|x64.Build.0 = Release|Any CPU
		{1921D19F-7C20-4838-88D9-5CF1BD18A2B9}.Release|x86.ActiveCfg = Release|Any CPU
		{1921D19F-7C20-4838-88D9-5CF1BD18A2B9}.Release|x86.Build.0 = Release|Any CPU
		{3DC03284-CBDE-445E-A348-FF500716356F}.Debug|Any CPU.ActiveCfg = Debug|Win32
		{3DC03284-CBDE-445E-A348-FF500716356F}.Debug|x64.ActiveCfg = Debug|x64
		{3DC03284-CBDE-445E-A348-FF500716356F}.Debug|x64.Build.0 = Debug|x64
		{3DC03284-CBDE-445E-A348-FF500716356F}.Debug|x86.ActiveCfg = Debug|Win32
		{3DC03284-CBDE-445E-A348-FF500716356F}.Debug|x86.Build.0 = Debug|Win32
		{3DC03284-CBDE-445E-A348-FF500716356F}.Release|Any CPU.ActiveCfg = Release|Win32
		{3DC03284-CBDE-445E-A348-FF500716356F}.Release|x64.ActiveCfg = Release|x64
		{3DC03284-CBDE-445E-A348-FF500716356F}.Release|x64.Build.0 = Release|x64
		{3DC03284-CBDE-445E-A348-FF500716356F}.Release|x86.ActiveCfg = Release|Win32
		{3DC03284-CBDE-445E-A348-FF500716356F}.Release|x86.Build.0 = Release|Win32
		{8BD2F419-DB45-48A6-96BB-CA8C89C25662}.Debug|Any CPU.ActiveCfg = Debug|Any CPU
		{8BD2F419-DB45-48A6-96BB-CA8C89C25662}.Debug|Any CPU.Build.0 = Debug|Any CPU
		{8BD2F419-DB45-48A6-96BB-CA8C89C25662}.Debug|x64.ActiveCfg = Debug|Any CPU
		{8BD2F419-DB45-48A6-96BB-CA8C89C25662}.Debug|x64.Build.0 = Debug|Any CPU
		{8BD2F419-DB45-48A6-96BB-CA8C89C25662}.Debug|x86.ActiveCfg = Debug|Any CPU
		{8BD2F419-DB45-48A6-96BB-CA8C89C25662}.Debug|x86.Build.0 = Debug|Any CPU
		{8BD2F419-DB45-48A6-96BB-CA8C89C25662}.Release|Any CPU.ActiveCfg = Release|Any CPU
		{8BD2F419-DB45-48A6-96BB-CA8C89C25662}.Release|Any CPU.Build.0 = Release|Any CPU
		{8BD2F419-DB45-48A6-96BB-CA8C89C25662}.Release|x64.ActiveCfg = Release|Any CPU
		{8BD2F419-DB45-48A6-96BB-CA8C89C25662}.Release|x64.Build.0 = Release|Any CPU
		{8BD2F419-DB45-48A6-96BB-CA8C89C25662}.Release|x86.ActiveCfg = Release|Any CPU
		{8BD2F419-DB45-48A6-96BB-CA8C89C25662}.Release|x86.Build.0 = Release|Any CPU
		{E380BFE3-C2F3-4CFA-A865-105D11175C8E}.Debug|Any CPU.ActiveCfg = Debug|Win32
		{E380BFE3-C2F3-4CFA-A865-105D11175C8E}.Debug|x64.ActiveCfg = Debug|x64
		{E380BFE3-C2F3-4CFA-A865-105D11175C8E}.Debug|x64.Build.0 = Debug|x64
		{E380BFE3-C2F3-4CFA-A865-105D11175C8E}.Debug|x86.ActiveCfg = Debug|Win32
		{E380BFE3-C2F3-4CFA-A865-105D11175C8E}.Debug|x86.Build.0 = Debug|Win32
		{E380BFE3-C2F3-4CFA-A865-105D11175C8E}.Release|Any CPU.ActiveCfg = Release|Win32
		{E380BFE3-C2F3-4CFA-A865-105D11175C8E}.Release|x64.ActiveCfg = Release|x64
		{E380BFE3-C2F3-4CFA-A865-105D11175C8E}.Release|x64.Build.0 = Release|x64
		{E380BFE3-C2F3-4CFA-A865-105D11175C8E}.Release|x86.ActiveCfg = Release|Win32
		{E380BFE3-C2F3-4CFA-A865-105D11175C8E}.Release|x86.Build.0 = Release|Win32
		{6627C540-8B02-4B6B-B39A-12F5F529840B}.Debug|Any CPU.ActiveCfg = Debug|Win32
		{6627C540-8B02-4B6B-B39A-12F5F529840B}.Debug|x64.ActiveCfg = Debug|x64
		{6627C540-8B02-4B6B-B39A-12F5F529840B}.Debug|x64.Build.0 = Debug|x64
		{6627C540-8B02-4B6B-B39A-12F5F529840B}.Debug|x86.ActiveCfg = Debug|Win32
		{6627C540-8B02-4B6B-B39A-12F5F529840B}.Debug|x86.Build.0 = Debug|Win32
		{6627C540-8B02-4B6B-B39A-12F5F529840B}.Release|Any CPU.ActiveCfg = Release|Win32
		{6627C540-8B02-4B6B-B39A-12F5F529840B}.Release|x64.ActiveCfg = Release|x64
		{6627C540-8B02-4B6B-B39A-12F5F529840B}.Release|x64.Build.0 = Release|x64
		{6627C540-8B02-4B6B-B39A-12F5F529840B}.Release|x86.ActiveCfg = Release|Win32
		{6627C540-8B02-4B6B-B39A-12F5F529840B}.Release|x86.Build.0 = Release|Win32
		{168FA7D7-0880-446F-8094-AA09308C2C62}.Debug|Any CPU.ActiveCfg = Debug|Win32
		{168FA7D7-0880-446F-8094-AA09308C2C62}.Debug|x64.ActiveCfg = Debug|x64
		{168FA7D7-0880-446F-8094-AA09308C2C62}.Debug|x64.Build.0 = Debug|x64
		{168FA7D7-0880-446F-8094-AA09308C2C62}.Debug|x86.ActiveCfg = Debug|Win32
		{168FA7D7-0880-446F-8094-AA09308C2C62}.Debug|x86.Build.0 = Debug|Win32
		{168FA7D7-0880-446F-8094-AA09308C2C62}.Release|Any CPU.ActiveCfg = Release|Win32
		{168FA7D7-0880-446F-8094-AA09308C2C62}.Release|x64.ActiveCfg = Release|x64
		{168FA7D7-0880-446F-8094-AA09308C2C62}.Release|x64.Build.0 = Release|x64
		{168FA7D7-0880-446F-8094-AA09308C2C62}.Release|x86.ActiveCfg = Release|Win32
		{168FA7D7-0880-446F-8094-AA09308C2C62}.Release|x86.Build.0 = Release|Win32
		{04B987F0-B2E6-4F79-91C7-814947CB293F}.Debug|Any CPU.ActiveCfg = Debug|Any CPU
		{04B987F0-B2E6-4F79-91C7-814947CB293F}.Debug|Any CPU.Build.0 = Debug|Any CPU
		{04B987F0-B2E6-4F79-91C7-814947CB293F}.Debug|x64.ActiveCfg = Debug|Any CPU
		{04B987F0-B2E6-4F79-91C7-814947CB293F}.Debug|x64.Build.0 = Debug|Any CPU
		{04B987F0-B2E6-4F79-91C7-814947CB293F}.Debug|x86.ActiveCfg = Debug|Any CPU
		{04B987F0-B2E6-4F79-91C7-814947CB293F}.Debug|x86.Build.0 = Debug|Any CPU
		{04B987F0-B2E6-4F79-91C7-814947CB293F}.Release|Any CPU.ActiveCfg = Release|Any CPU
		{04B987F0-B2E6-4F79-91C7-814947CB293F}.Release|Any CPU.Build.0 = Release|Any CPU
		{04B987F0-B2E6-4F79-91C7-814947CB293F}.Release|x64.ActiveCfg = Release|Any CPU
		{04B987F0-B2E6-4F79-91C7-814947CB293F}.Release|x64.Build.0 = Release|Any CPU
		{04B987F0-B2E6-4F79-91C7-814947CB293F}.Release|x86.ActiveCfg = Release|Any CPU
		{04B987F0-B2E6-4F79-91C7-814947CB293F}.Release|x86.Build.0 = Release|Any CPU
		{920E1A59-6E6B-45AD-9D4E-1CF64D9BA7E1}.Debug|Any CPU.ActiveCfg = Debug|Win32
		{920E1A59-6E6B-45AD-9D4E-1CF64D9BA7E1}.Debug|x64.ActiveCfg = Debug|x64
		{920E1A59-6E6B-45AD-9D4E-1CF64D9BA7E1}.Debug|x64.Build.0 = Debug|x64
		{920E1A59-6E6B-45AD-9D4E-1CF64D9BA7E1}.Debug|x86.ActiveCfg = Debug|Win32
		{920E1A59-6E6B-45AD-9D4E-1CF64D9BA7E1}.Debug|x86.Build.0 = Debug|Win32
		{920E1A59-6E6B-45AD-9D4E-1CF64D9BA7E1}.Release|Any CPU.ActiveCfg = Release|Win32
		{920E1A59-6E6B-45AD-9D4E-1CF64D9BA7E1}.Release|x64.ActiveCfg = Release|x64
		{920E1A59-6E6B-45AD-9D4E-1CF64D9BA7E1}.Release|x64.Build.0 = Release|x64
		{920E1A59-6E6B-45AD-9D4E-1CF64D9BA7E1}.Release|x86.ActiveCfg = Release|Win32
		{920E1A59-6E6B-45AD-9D4E-1CF64D9BA7E1}.Release|x86.Build.0 = Release|Win32
		{54415203-D60E-416A-9F70-2ED643BAAC5E}.Debug|Any CPU.ActiveCfg = Debug|Win32
		{54415203-D60E-416A-9F70-2ED643BAAC5E}.Debug|x64.ActiveCfg = Debug|x64
		{54415203-D60E-416A-9F70-2ED643BAAC5E}.Debug|x64.Build.0 = Debug|x64
		{54415203-D60E-416A-9F70-2ED643BAAC5E}.Debug|x86.ActiveCfg = Debug|Win32
		{54415203-D60E-416A-9F70-2ED643BAAC5E}.Debug|x86.Build.0 = Debug|Win32
		{54415203-D60E-416A-9F70-2ED643BAAC5E}.Release|Any CPU.ActiveCfg = Release|Win32
		{54415203-D60E-416A-9F70-2ED643BAAC5E}.Release|x64.ActiveCfg = Release|x64
		{54415203-D60E-416A-9F70-2ED643BAAC5E}.Release|x64.Build.0 = Release|x64
		{54415203-D60E-416A-9F70-2ED643BAAC5E}.Release|x86.ActiveCfg = Release|Win32
		{54415203-D60E-416A-9F70-2ED643BAAC5E}.Release|x86.Build.0 = Release|Win32
		{DAC80F6F-316A-4254-9941-02DD655718B0}.Debug|Any CPU.ActiveCfg = Debug|Any CPU
		{DAC80F6F-316A-4254-9941-02DD655718B0}.Debug|Any CPU.Build.0 = Debug|Any CPU
		{DAC80F6F-316A-4254-9941-02DD655718B0}.Debug|x64.ActiveCfg = Debug|Any CPU
		{DAC80F6F-316A-4254-9941-02DD655718B0}.Debug|x64.Build.0 = Debug|Any CPU
		{DAC80F6F-316A-4254-9941-02DD655718B0}.Debug|x86.ActiveCfg = Debug|Any CPU
		{DAC80F6F-316A-4254-9941-02DD655718B0}.Debug|x86.Build.0 = Debug|Any CPU
		{DAC80F6F-316A-4254-9941-02DD655718B0}.Release|Any CPU.ActiveCfg = Release|Any CPU
		{DAC80F6F-316A-4254-9941-02DD655718B0}.Release|Any CPU.Build.0 = Release|Any CPU
		{DAC80F6F-316A-4254-9941-02DD655718B0}.Release|x64.ActiveCfg = Release|Any CPU
		{DAC80F6F-316A-4254-9941-02DD655718B0}.Release|x64.Build.0 = Release|Any CPU
		{DAC80F6F-316A-4254-9941-02DD655718B0}.Release|x86.ActiveCfg = Release|Any CPU
		{DAC80F6F-316A-4254-9941-02DD655718B0}.Release|x86.Build.0 = Release|Any CPU
		{EB5DAD72-818B-4553-8959-1A7416254665}.Debug|Any CPU.ActiveCfg = Debug|Any CPU
		{EB5DAD72-818B-4553-8959-1A7416254665}.Debug|Any CPU.Build.0 = Debug|Any CPU
		{EB5DAD72-818B-4553-8959-1A7416254665}.Debug|x64.ActiveCfg = Debug|Any CPU
		{EB5DAD72-818B-4553-8959-1A7416254665}.Debug|x64.Build.0 = Debug|Any CPU
		{EB5DAD72-818B-4553-8959-1A7416254665}.Debug|x86.ActiveCfg = Debug|Any CPU
		{EB5DAD72-818B-4553-8959-1A7416254665}.Debug|x86.Build.0 = Debug|Any CPU
		{EB5DAD72-818B-4553-8959-1A7416254665}.Release|Any CPU.ActiveCfg = Release|Any CPU
		{EB5DAD72-818B-4553-8959-1A7416254665}.Release|Any CPU.Build.0 = Release|Any CPU
		{EB5DAD72-818B-4553-8959-1A7416254665}.Release|x64.ActiveCfg = Release|Any CPU
		{EB5DAD72-818B-4553-8959-1A7416254665}.Release|x64.Build.0 = Release|Any CPU
		{EB5DAD72-818B-4553-8959-1A7416254665}.Release|x86.ActiveCfg = Release|Any CPU
		{EB5DAD72-818B-4553-8959-1A7416254665}.Release|x86.Build.0 = Release|Any CPU
		{3CE87064-C819-45C1-B0A4-8D0DE6044195}.Debug|Any CPU.ActiveCfg = Debug|Any CPU
		{3CE87064-C819-45C1-B0A4-8D0DE6044195}.Debug|Any CPU.Build.0 = Debug|Any CPU
		{3CE87064-C819-45C1-B0A4-8D0DE6044195}.Debug|x64.ActiveCfg = Debug|Any CPU
		{3CE87064-C819-45C1-B0A4-8D0DE6044195}.Debug|x64.Build.0 = Debug|Any CPU
		{3CE87064-C819-45C1-B0A4-8D0DE6044195}.Debug|x86.ActiveCfg = Debug|Any CPU
		{3CE87064-C819-45C1-B0A4-8D0DE6044195}.Debug|x86.Build.0 = Debug|Any CPU
		{3CE87064-C819-45C1-B0A4-8D0DE6044195}.Release|Any CPU.ActiveCfg = Release|Any CPU
		{3CE87064-C819-45C1-B0A4-8D0DE6044195}.Release|Any CPU.Build.0 = Release|Any CPU
		{3CE87064-C819-45C1-B0A4-8D0DE6044195}.Release|x64.ActiveCfg = Release|Any CPU
		{3CE87064-C819-45C1-B0A4-8D0DE6044195}.Release|x64.Build.0 = Release|Any CPU
		{3CE87064-C819-45C1-B0A4-8D0DE6044195}.Release|x86.ActiveCfg = Release|Any CPU
		{3CE87064-C819-45C1-B0A4-8D0DE6044195}.Release|x86.Build.0 = Release|Any CPU
		{CC452658-9B73-4C56-94CA-F7E4B321B939}.Debug|Any CPU.ActiveCfg = Debug|Any CPU
		{CC452658-9B73-4C56-94CA-F7E4B321B939}.Debug|Any CPU.Build.0 = Debug|Any CPU
		{CC452658-9B73-4C56-94CA-F7E4B321B939}.Debug|x64.ActiveCfg = Debug|Any CPU
		{CC452658-9B73-4C56-94CA-F7E4B321B939}.Debug|x64.Build.0 = Debug|Any CPU
		{CC452658-9B73-4C56-94CA-F7E4B321B939}.Debug|x86.ActiveCfg = Debug|Any CPU
		{CC452658-9B73-4C56-94CA-F7E4B321B939}.Debug|x86.Build.0 = Debug|Any CPU
		{CC452658-9B73-4C56-94CA-F7E4B321B939}.Release|Any CPU.ActiveCfg = Release|Any CPU
		{CC452658-9B73-4C56-94CA-F7E4B321B939}.Release|Any CPU.Build.0 = Release|Any CPU
		{CC452658-9B73-4C56-94CA-F7E4B321B939}.Release|x64.ActiveCfg = Release|Any CPU
		{CC452658-9B73-4C56-94CA-F7E4B321B939}.Release|x64.Build.0 = Release|Any CPU
		{CC452658-9B73-4C56-94CA-F7E4B321B939}.Release|x86.ActiveCfg = Release|Any CPU
		{CC452658-9B73-4C56-94CA-F7E4B321B939}.Release|x86.Build.0 = Release|Any CPU
		{854721B7-1355-4D65-913B-22F96E48A12D}.Debug|Any CPU.ActiveCfg = Debug|Any CPU
		{854721B7-1355-4D65-913B-22F96E48A12D}.Debug|Any CPU.Build.0 = Debug|Any CPU
		{854721B7-1355-4D65-913B-22F96E48A12D}.Debug|x64.ActiveCfg = Debug|Any CPU
		{854721B7-1355-4D65-913B-22F96E48A12D}.Debug|x64.Build.0 = Debug|Any CPU
		{854721B7-1355-4D65-913B-22F96E48A12D}.Debug|x86.ActiveCfg = Debug|Any CPU
		{854721B7-1355-4D65-913B-22F96E48A12D}.Debug|x86.Build.0 = Debug|Any CPU
		{854721B7-1355-4D65-913B-22F96E48A12D}.Release|Any CPU.ActiveCfg = Release|Any CPU
		{854721B7-1355-4D65-913B-22F96E48A12D}.Release|Any CPU.Build.0 = Release|Any CPU
		{854721B7-1355-4D65-913B-22F96E48A12D}.Release|x64.ActiveCfg = Release|Any CPU
		{854721B7-1355-4D65-913B-22F96E48A12D}.Release|x64.Build.0 = Release|Any CPU
		{854721B7-1355-4D65-913B-22F96E48A12D}.Release|x86.ActiveCfg = Release|Any CPU
		{854721B7-1355-4D65-913B-22F96E48A12D}.Release|x86.Build.0 = Release|Any CPU
		{0045EBA5-87C3-4B53-8F63-F98498E5A01D}.Debug|Any CPU.ActiveCfg = Debug|Any CPU
		{0045EBA5-87C3-4B53-8F63-F98498E5A01D}.Debug|Any CPU.Build.0 = Debug|Any CPU
		{0045EBA5-87C3-4B53-8F63-F98498E5A01D}.Debug|x64.ActiveCfg = Debug|Any CPU
		{0045EBA5-87C3-4B53-8F63-F98498E5A01D}.Debug|x64.Build.0 = Debug|Any CPU
		{0045EBA5-87C3-4B53-8F63-F98498E5A01D}.Debug|x86.ActiveCfg = Debug|Any CPU
		{0045EBA5-87C3-4B53-8F63-F98498E5A01D}.Debug|x86.Build.0 = Debug|Any CPU
		{0045EBA5-87C3-4B53-8F63-F98498E5A01D}.Release|Any CPU.ActiveCfg = Release|Any CPU
		{0045EBA5-87C3-4B53-8F63-F98498E5A01D}.Release|Any CPU.Build.0 = Release|Any CPU
		{0045EBA5-87C3-4B53-8F63-F98498E5A01D}.Release|x64.ActiveCfg = Release|Any CPU
		{0045EBA5-87C3-4B53-8F63-F98498E5A01D}.Release|x64.Build.0 = Release|Any CPU
		{0045EBA5-87C3-4B53-8F63-F98498E5A01D}.Release|x86.ActiveCfg = Release|Any CPU
		{0045EBA5-87C3-4B53-8F63-F98498E5A01D}.Release|x86.Build.0 = Release|Any CPU
		{476F5CB0-BAC9-43E2-8B2F-48B4A10D0CB3}.Debug|Any CPU.ActiveCfg = Debug|Win32
		{476F5CB0-BAC9-43E2-8B2F-48B4A10D0CB3}.Debug|x64.ActiveCfg = Debug|x64
		{476F5CB0-BAC9-43E2-8B2F-48B4A10D0CB3}.Debug|x64.Build.0 = Debug|x64
		{476F5CB0-BAC9-43E2-8B2F-48B4A10D0CB3}.Debug|x86.ActiveCfg = Debug|Win32
		{476F5CB0-BAC9-43E2-8B2F-48B4A10D0CB3}.Debug|x86.Build.0 = Debug|Win32
		{476F5CB0-BAC9-43E2-8B2F-48B4A10D0CB3}.Release|Any CPU.ActiveCfg = Release|Win32
		{476F5CB0-BAC9-43E2-8B2F-48B4A10D0CB3}.Release|x64.ActiveCfg = Release|x64
		{476F5CB0-BAC9-43E2-8B2F-48B4A10D0CB3}.Release|x64.Build.0 = Release|x64
		{476F5CB0-BAC9-43E2-8B2F-48B4A10D0CB3}.Release|x86.ActiveCfg = Release|Win32
		{476F5CB0-BAC9-43E2-8B2F-48B4A10D0CB3}.Release|x86.Build.0 = Release|Win32
		{BED3B69E-9B7D-4099-B956-D294CF7C3B42}.Debug|Any CPU.ActiveCfg = Debug|Any CPU
		{BED3B69E-9B7D-4099-B956-D294CF7C3B42}.Debug|Any CPU.Build.0 = Debug|Any CPU
		{BED3B69E-9B7D-4099-B956-D294CF7C3B42}.Debug|x64.ActiveCfg = Debug|Any CPU
		{BED3B69E-9B7D-4099-B956-D294CF7C3B42}.Debug|x64.Build.0 = Debug|Any CPU
		{BED3B69E-9B7D-4099-B956-D294CF7C3B42}.Debug|x86.ActiveCfg = Debug|Any CPU
		{BED3B69E-9B7D-4099-B956-D294CF7C3B42}.Debug|x86.Build.0 = Debug|Any CPU
		{BED3B69E-9B7D-4099-B956-D294CF7C3B42}.Release|Any CPU.ActiveCfg = Release|Any CPU
		{BED3B69E-9B7D-4099-B956-D294CF7C3B42}.Release|Any CPU.Build.0 = Release|Any CPU
		{BED3B69E-9B7D-4099-B956-D294CF7C3B42}.Release|x64.ActiveCfg = Release|Any CPU
		{BED3B69E-9B7D-4099-B956-D294CF7C3B42}.Release|x64.Build.0 = Release|Any CPU
		{BED3B69E-9B7D-4099-B956-D294CF7C3B42}.Release|x86.ActiveCfg = Release|Any CPU
		{BED3B69E-9B7D-4099-B956-D294CF7C3B42}.Release|x86.Build.0 = Release|Any CPU
		{634E9F02-E56B-421E-84B3-54E1614F256D}.Debug|Any CPU.ActiveCfg = Debug|Win32
		{634E9F02-E56B-421E-84B3-54E1614F256D}.Debug|x64.ActiveCfg = Debug|x64
		{634E9F02-E56B-421E-84B3-54E1614F256D}.Debug|x64.Build.0 = Debug|x64
		{634E9F02-E56B-421E-84B3-54E1614F256D}.Debug|x86.ActiveCfg = Debug|Win32
		{634E9F02-E56B-421E-84B3-54E1614F256D}.Debug|x86.Build.0 = Debug|Win32
		{634E9F02-E56B-421E-84B3-54E1614F256D}.Release|Any CPU.ActiveCfg = Release|Win32
		{634E9F02-E56B-421E-84B3-54E1614F256D}.Release|x64.ActiveCfg = Release|x64
		{634E9F02-E56B-421E-84B3-54E1614F256D}.Release|x64.Build.0 = Release|x64
		{634E9F02-E56B-421E-84B3-54E1614F256D}.Release|x86.ActiveCfg = Release|Win32
		{634E9F02-E56B-421E-84B3-54E1614F256D}.Release|x86.Build.0 = Release|Win32
		{8F2D81B2-1080-439D-8F45-E4774086D026}.Debug|Any CPU.ActiveCfg = Debug|Win32
		{8F2D81B2-1080-439D-8F45-E4774086D026}.Debug|x64.ActiveCfg = Debug|x64
		{8F2D81B2-1080-439D-8F45-E4774086D026}.Debug|x64.Build.0 = Debug|x64
		{8F2D81B2-1080-439D-8F45-E4774086D026}.Debug|x86.ActiveCfg = Debug|Win32
		{8F2D81B2-1080-439D-8F45-E4774086D026}.Debug|x86.Build.0 = Debug|Win32
		{8F2D81B2-1080-439D-8F45-E4774086D026}.Release|Any CPU.ActiveCfg = Release|Win32
		{8F2D81B2-1080-439D-8F45-E4774086D026}.Release|x64.ActiveCfg = Release|x64
		{8F2D81B2-1080-439D-8F45-E4774086D026}.Release|x64.Build.0 = Release|x64
		{8F2D81B2-1080-439D-8F45-E4774086D026}.Release|x86.ActiveCfg = Release|Win32
		{8F2D81B2-1080-439D-8F45-E4774086D026}.Release|x86.Build.0 = Release|Win32
		{0FCBD06D-6050-4D06-B014-2737737B963F}.Debug|Any CPU.ActiveCfg = Debug|Win32
		{0FCBD06D-6050-4D06-B014-2737737B963F}.Debug|x64.ActiveCfg = Debug|x64
		{0FCBD06D-6050-4D06-B014-2737737B963F}.Debug|x64.Build.0 = Debug|x64
		{0FCBD06D-6050-4D06-B014-2737737B963F}.Debug|x86.ActiveCfg = Debug|Win32
		{0FCBD06D-6050-4D06-B014-2737737B963F}.Debug|x86.Build.0 = Debug|Win32
		{0FCBD06D-6050-4D06-B014-2737737B963F}.Release|Any CPU.ActiveCfg = Release|Win32
		{0FCBD06D-6050-4D06-B014-2737737B963F}.Release|x64.ActiveCfg = Release|x64
		{0FCBD06D-6050-4D06-B014-2737737B963F}.Release|x64.Build.0 = Release|x64
		{0FCBD06D-6050-4D06-B014-2737737B963F}.Release|x86.ActiveCfg = Release|Win32
		{0FCBD06D-6050-4D06-B014-2737737B963F}.Release|x86.Build.0 = Release|Win32
		{472ADB39-9C6C-4559-97F2-C13C799D5E4D}.Debug|Any CPU.ActiveCfg = Debug|Any CPU
		{472ADB39-9C6C-4559-97F2-C13C799D5E4D}.Debug|Any CPU.Build.0 = Debug|Any CPU
		{472ADB39-9C6C-4559-97F2-C13C799D5E4D}.Debug|x64.ActiveCfg = Debug|Any CPU
		{472ADB39-9C6C-4559-97F2-C13C799D5E4D}.Debug|x64.Build.0 = Debug|Any CPU
		{472ADB39-9C6C-4559-97F2-C13C799D5E4D}.Debug|x86.ActiveCfg = Debug|Any CPU
		{472ADB39-9C6C-4559-97F2-C13C799D5E4D}.Debug|x86.Build.0 = Debug|Any CPU
		{472ADB39-9C6C-4559-97F2-C13C799D5E4D}.Release|Any CPU.ActiveCfg = Release|Any CPU
		{472ADB39-9C6C-4559-97F2-C13C799D5E4D}.Release|Any CPU.Build.0 = Release|Any CPU
		{472ADB39-9C6C-4559-97F2-C13C799D5E4D}.Release|x64.ActiveCfg = Release|Any CPU
		{472ADB39-9C6C-4559-97F2-C13C799D5E4D}.Release|x64.Build.0 = Release|Any CPU
		{472ADB39-9C6C-4559-97F2-C13C799D5E4D}.Release|x86.ActiveCfg = Release|Any CPU
		{472ADB39-9C6C-4559-97F2-C13C799D5E4D}.Release|x86.Build.0 = Release|Any CPU
		{864375F2-8AB6-4DAF-ABA4-0FDA41083D16}.Debug|Any CPU.ActiveCfg = Debug|Any CPU
		{864375F2-8AB6-4DAF-ABA4-0FDA41083D16}.Debug|Any CPU.Build.0 = Debug|Any CPU
		{864375F2-8AB6-4DAF-ABA4-0FDA41083D16}.Debug|x64.ActiveCfg = Debug|Any CPU
		{864375F2-8AB6-4DAF-ABA4-0FDA41083D16}.Debug|x64.Build.0 = Debug|Any CPU
		{864375F2-8AB6-4DAF-ABA4-0FDA41083D16}.Debug|x86.ActiveCfg = Debug|Any CPU
		{864375F2-8AB6-4DAF-ABA4-0FDA41083D16}.Debug|x86.Build.0 = Debug|Any CPU
		{864375F2-8AB6-4DAF-ABA4-0FDA41083D16}.Release|Any CPU.ActiveCfg = Release|Any CPU
		{864375F2-8AB6-4DAF-ABA4-0FDA41083D16}.Release|Any CPU.Build.0 = Release|Any CPU
		{864375F2-8AB6-4DAF-ABA4-0FDA41083D16}.Release|x64.ActiveCfg = Release|Any CPU
		{864375F2-8AB6-4DAF-ABA4-0FDA41083D16}.Release|x64.Build.0 = Release|Any CPU
		{864375F2-8AB6-4DAF-ABA4-0FDA41083D16}.Release|x86.ActiveCfg = Release|Any CPU
		{864375F2-8AB6-4DAF-ABA4-0FDA41083D16}.Release|x86.Build.0 = Release|Any CPU
	EndGlobalSection
	GlobalSection(SolutionProperties) = preSolution
		HideSolutionNode = FALSE
	EndGlobalSection
	GlobalSection(ExtensibilityGlobals) = postSolution
		SolutionGuid = {B5280B91-3C0B-47E9-90CA-4221154AD323}
	EndGlobalSection
EndGlobal
